
Microsoft Visual Studio Solution File, Format Version 12.00
Project("{FAE04EC0-301F-11D3-BF4B-00C04F79EFBC}") = "Model", "Model\Model.csproj", "{D311B621-C237-4D55-A0C4-EC8F9D6B5B96}"
EndProject
Project("{FAE04EC0-301F-11D3-BF4B-00C04F79EFBC}") = "DataAccess", "DataAccess\DataAccess.csproj", "{16E813EC-D6A3-4BA6-B551-E34E4CBA9585}"
EndProject
Project("{FAE04EC0-301F-11D3-BF4B-00C04F79EFBC}") = "UserInterface", "UserInterface\UserInterface.csproj", "{33BE1C45-3592-4FBB-951D-FFB96F2EBCB9}"
EndProject
Global
	GlobalSection(SolutionConfigurationPlatforms) = preSolution
		Debug|Any CPU = Debug|Any CPU
		Release|Any CPU = Release|Any CPU
	EndGlobalSection
	GlobalSection(ProjectConfigurationPlatforms) = postSolution
		{D311B621-C237-4D55-A0C4-EC8F9D6B5B96}.Debug|Any CPU.ActiveCfg = Debug|Any CPU
		{D311B621-C237-4D55-A0C4-EC8F9D6B5B96}.Debug|Any CPU.Build.0 = Debug|Any CPU
		{D311B621-C237-4D55-A0C4-EC8F9D6B5B96}.Release|Any CPU.ActiveCfg = Release|Any CPU
		{D311B621-C237-4D55-A0C4-EC8F9D6B5B96}.Release|Any CPU.Build.0 = Release|Any CPU
		{16E813EC-D6A3-4BA6-B551-E34E4CBA9585}.Debug|Any CPU.ActiveCfg = Debug|Any CPU
		{16E813EC-D6A3-4BA6-B551-E34E4CBA9585}.Debug|Any CPU.Build.0 = Debug|Any CPU
		{16E813EC-D6A3-4BA6-B551-E34E4CBA9585}.Release|Any CPU.ActiveCfg = Release|Any CPU
		{16E813EC-D6A3-4BA6-B551-E34E4CBA9585}.Release|Any CPU.Build.0 = Release|Any CPU
		{33BE1C45-3592-4FBB-951D-FFB96F2EBCB9}.Debug|Any CPU.ActiveCfg = Debug|Any CPU
		{33BE1C45-3592-4FBB-951D-FFB96F2EBCB9}.Debug|Any CPU.Build.0 = Debug|Any CPU
		{33BE1C45-3592-4FBB-951D-FFB96F2EBCB9}.Release|Any CPU.ActiveCfg = Release|Any CPU
		{33BE1C45-3592-4FBB-951D-FFB96F2EBCB9}.Release|Any CPU.Build.0 = Release|Any CPU
	EndGlobalSection
EndGlobal
