
Microsoft Visual Studio Solution File, Format Version 12.00
# Visual Studio Version 17
VisualStudioVersion = 17.7.34031.279
MinimumVisualStudioVersion = 10.0.40219.1
Project("{9A19103F-16F7-4668-BE54-9A1E7A4F7556}") = "Model", "Model\Model.csproj", "{D311B621-C237-4D55-A0C4-EC8F9D6B5B96}"
EndProject
Project("{9A19103F-16F7-4668-BE54-9A1E7A4F7556}") = "DataAccess", "DataAccess\DataAccess.csproj", "{16E813EC-D6A3-4BA6-B551-E34E4CBA9585}"
EndProject
Project("{9A19103F-16F7-4668-BE54-9A1E7A4F7556}") = "UserInterface", "UserInterface\UserInterface.csproj", "{33BE1C45-3592-4FBB-951D-FFB96F2EBCB9}"
EndProject
Project("{9A19103F-16F7-4668-BE54-9A1E7A4F7556}") = "Controller", "Controller\Controller.csproj", "{0147864D-F21C-46CD-AB2B-0EEF3B48ED31}"
EndProject
Global
	GlobalSection(SolutionConfigurationPlatforms) = preSolution
		Debug|Any CPU = Debug|Any CPU
		Release|Any CPU = Release|Any CPU
	EndGlobalSection
	GlobalSection(ProjectConfigurationPlatforms) = postSolution
		{D311B621-C237-4D55-A0C4-EC8F9D6B5B96}.Debug|Any CPU.ActiveCfg = Debug|Any CPU
		{D311B621-C237-4D55-A0C4-EC8F9D6B5B96}.Debug|Any CPU.Build.0 = Debug|Any CPU
		{D311B621-C237-4D55-A0C4-EC8F9D6B5B96}.Release|Any CPU.ActiveCfg = Release|Any CPU
		{D311B621-C237-4D55-A0C4-EC8F9D6B5B96}.Release|Any CPU.Build.0 = Release|Any CPU
		{16E813EC-D6A3-4BA6-B551-E34E4CBA9585}.Debug|Any CPU.ActiveCfg = Debug|Any CPU
		{16E813EC-D6A3-4BA6-B551-E34E4CBA9585}.Debug|Any CPU.Build.0 = Debug|Any CPU
		{16E813EC-D6A3-4BA6-B551-E34E4CBA9585}.Release|Any CPU.ActiveCfg = Release|Any CPU
		{16E813EC-D6A3-4BA6-B551-E34E4CBA9585}.Release|Any CPU.Build.0 = Release|Any CPU
		{33BE1C45-3592-4FBB-951D-FFB96F2EBCB9}.Debug|Any CPU.ActiveCfg = Debug|Any CPU
		{33BE1C45-3592-4FBB-951D-FFB96F2EBCB9}.Debug|Any CPU.Build.0 = Debug|Any CPU
		{33BE1C45-3592-4FBB-951D-FFB96F2EBCB9}.Release|Any CPU.ActiveCfg = Release|Any CPU
		{33BE1C45-3592-4FBB-951D-FFB96F2EBCB9}.Release|Any CPU.Build.0 = Release|Any CPU
		{0147864D-F21C-46CD-AB2B-0EEF3B48ED31}.Debug|Any CPU.ActiveCfg = Debug|Any CPU
		{0147864D-F21C-46CD-AB2B-0EEF3B48ED31}.Debug|Any CPU.Build.0 = Debug|Any CPU
		{0147864D-F21C-46CD-AB2B-0EEF3B48ED31}.Release|Any CPU.ActiveCfg = Release|Any CPU
		{0147864D-F21C-46CD-AB2B-0EEF3B48ED31}.Release|Any CPU.Build.0 = Release|Any CPU
	EndGlobalSection
	GlobalSection(SolutionProperties) = preSolution
		HideSolutionNode = FALSE
	EndGlobalSection
EndGlobal
